<?xml version="1.0" encoding="utf-8"?>
<Project ToolsVersion="4.0" xmlns="http://schemas.microsoft.com/developer/msbuild/2003">
  <ItemGroup>
    <Filter Include="Link Libraries">
      <UniqueIdentifier>{48b933d1-0ee3-49bd-a210-302a0fd62f0b}</UniqueIdentifier>
      <Extensions>lib</Extensions>
    </Filter>
    <Filter Include="Resources">
      <UniqueIdentifier>{a49b0cc0-9e3e-4df1-99eb-450d891a9828}</UniqueIdentifier>
    </Filter>
    <Filter Include="Code">
      <UniqueIdentifier>{494a2659-d50f-4a89-b00a-ba4eb0303ccd}</UniqueIdentifier>
    </Filter>
    <Filter Include="Code\Players">
      <UniqueIdentifier>{1e5072cd-4189-4a38-b1ba-98cb02c32964}</UniqueIdentifier>
    </Filter>
    <Filter Include="Code\Systems">
      <UniqueIdentifier>{f7d33d2a-d95c-42c0-aa21-cf26f6f4680c}</UniqueIdentifier>
    </Filter>
    <Filter Include="Code\Hooks">
      <UniqueIdentifier>{0b158ab4-982f-4a7f-a96b-a346fea5301a}</UniqueIdentifier>
    </Filter>
    <Filter Include="Code\Misc">
      <UniqueIdentifier>{535eff60-6da9-4b19-bef4-15585a3e84d6}</UniqueIdentifier>
    </Filter>
    <Filter Include="Code\Systems\Testers">
      <UniqueIdentifier>{f556038f-1c52-4c3d-ab6a-abea9fd5eabe}</UniqueIdentifier>
    </Filter>
    <Filter Include="Code\Systems\ServerProtection">
      <UniqueIdentifier>{60f6d7e5-1817-472c-9b7b-b32b5f3b35a8}</UniqueIdentifier>
    </Filter>
  </ItemGroup>
  <ItemGroup>
    <None Include="Res\nocheatz.vdf">
      <Filter>Resources</Filter>
    </None>
    <None Include="Makefile">
      <Filter>Resources</Filter>
    </None>
  </ItemGroup>
  <ItemGroup>
    <ClCompile Include="Code\plugin.cpp">
      <Filter>Code</Filter>
    </ClCompile>
    <ClCompile Include="Code\Hooks\Hook.cpp">
      <Filter>Code\Hooks</Filter>
    </ClCompile>
    <ClCompile Include="Code\Hooks\OnGroundHookListener.cpp">
      <Filter>Code\Hooks</Filter>
    </ClCompile>
    <ClCompile Include="Code\Hooks\PlayerRunCommandHookListener.cpp">
      <Filter>Code\Hooks</Filter>
    </ClCompile>
    <ClCompile Include="Code\Hooks\TeleportHookListener.cpp">
      <Filter>Code\Hooks</Filter>
    </ClCompile>
    <ClCompile Include="Code\Misc\Helpers.cpp">
      <Filter>Code\Misc</Filter>
    </ClCompile>
    <ClCompile Include="Code\Misc\IFaceManager.cpp">
      <Filter>Code\Misc</Filter>
    </ClCompile>
    <ClCompile Include="Code\Players\NczFilteredPlayersList.cpp">
      <Filter>Code\Players</Filter>
    </ClCompile>
    <ClCompile Include="Code\Players\NczPlayer.cpp">
      <Filter>Code\Players</Filter>
    </ClCompile>
    <ClCompile Include="Code\Players\NczPlayerManager.cpp">
      <Filter>Code\Players</Filter>
    </ClCompile>
    <ClCompile Include="Code\Systems\Testers\BaseFramedTester.cpp">
      <Filter>Code\Systems\Testers</Filter>
    </ClCompile>
    <ClCompile Include="Code\Systems\Testers\BaseTimedTester.cpp">
      <Filter>Code\Systems\Testers</Filter>
    </ClCompile>
    <ClCompile Include="Code\Systems\Testers\EyeAnglesTester.cpp">
      <Filter>Code\Systems\Testers</Filter>
    </ClCompile>
    <ClCompile Include="Code\Systems\Testers\ValidationTester.cpp">
      <Filter>Code\Systems\Testers</Filter>
    </ClCompile>
    <ClCompile Include="Code\Systems\BaseSystem.cpp">
      <Filter>Code\Systems</Filter>
    </ClCompile>
    <ClCompile Include="Code\Misc\MRecipientFilter.cpp">
      <Filter>Code\Misc</Filter>
    </ClCompile>
    <ClCompile Include="Code\Systems\BanRequest.cpp">
      <Filter>Code\Systems</Filter>
    </ClCompile>
    <ClCompile Include="Code\Systems\Testers\ConVarTester.cpp">
      <Filter>Code\Systems\Testers</Filter>
    </ClCompile>
    <ClCompile Include="Code\Systems\Logger.cpp">
      <Filter>Code\Systems</Filter>
    </ClCompile>
    <ClCompile Include="Code\Systems\Testers\ShotTester.cpp">
      <Filter>Code\Systems\Testers</Filter>
    </ClCompile>
    <ClCompile Include="Code\Systems\Testers\JumpTester.cpp">
      <Filter>Code\Systems\Testers</Filter>
    </ClCompile>
    <ClCompile Include="Code\Misc\threading.cpp">
      <Filter>Code\Misc</Filter>
    </ClCompile>
  </ItemGroup>
  <ItemGroup>
    <ClInclude Include="Code\plugin.h">
      <Filter>Code</Filter>
    </ClInclude>
    <ClInclude Include="Code\Hooks\Hook.h">
      <Filter>Code\Hooks</Filter>
    </ClInclude>
    <ClInclude Include="Code\Hooks\OnGroundHookListener.h">
      <Filter>Code\Hooks</Filter>
    </ClInclude>
    <ClInclude Include="Code\Hooks\PlayerRunCommandHookListener.h">
      <Filter>Code\Hooks</Filter>
    </ClInclude>
    <ClInclude Include="Code\Hooks\TeleportHookListener.h">
      <Filter>Code\Hooks</Filter>
    </ClInclude>
    <ClInclude Include="Code\Misc\Helpers.h">
      <Filter>Code\Misc</Filter>
    </ClInclude>
    <ClInclude Include="Code\Misc\IFaceManager.h">
      <Filter>Code\Misc</Filter>
    </ClInclude>
    <ClInclude Include="Code\Misc\Types.h">
      <Filter>Code\Misc</Filter>
    </ClInclude>
    <ClInclude Include="Code\Players\NczFilteredPlayersList.h">
      <Filter>Code\Players</Filter>
    </ClInclude>
    <ClInclude Include="Code\Players\NczPlayer.h">
      <Filter>Code\Players</Filter>
    </ClInclude>
    <ClInclude Include="Code\Players\NczPlayerManager.h">
      <Filter>Code\Players</Filter>
    </ClInclude>
    <ClInclude Include="Code\Systems\Testers\BaseFramedTester.h">
      <Filter>Code\Systems\Testers</Filter>
    </ClInclude>
    <ClInclude Include="Code\Systems\Testers\BaseTimedTester.h">
      <Filter>Code\Systems\Testers</Filter>
    </ClInclude>
    <ClInclude Include="Code\Systems\Testers\EyeAnglesTester.h">
      <Filter>Code\Systems\Testers</Filter>
    </ClInclude>
    <ClInclude Include="Code\Systems\Testers\ValidationTester.h">
      <Filter>Code\Systems\Testers</Filter>
    </ClInclude>
    <ClInclude Include="Code\Players\temp_PlayerDataStruct.h">
      <Filter>Code\Players</Filter>
    </ClInclude>
    <ClInclude Include="Code\Misc\temp_BaseDataStruct.h">
      <Filter>Code\Misc</Filter>
    </ClInclude>
    <ClInclude Include="Code\Misc\temp_Singleton.h">
      <Filter>Code\Misc</Filter>
    </ClInclude>
    <ClInclude Include="Code\Systems\BaseSystem.h">
      <Filter>Code\Systems</Filter>
    </ClInclude>
    <ClInclude Include="Code\Systems\Testers\Detections\temp_BaseDetection.h">
      <Filter>Code\Systems</Filter>
    </ClInclude>
    <ClInclude Include="Code\Misc\MRecipientFilter.h">
      <Filter>Code\Misc</Filter>
    </ClInclude>
    <ClInclude Include="Code\Systems\BanRequest.h">
      <Filter>Code\Systems</Filter>
    </ClInclude>
    <ClInclude Include="Code\Misc\include_windows_headers.h">
      <Filter>Code\Misc</Filter>
    </ClInclude>
    <ClInclude Include="Code\Preprocessors.h">
      <Filter>Code</Filter>
    </ClInclude>
    <ClInclude Include="Code\Systems\Testers\ConVarTester.h">
      <Filter>Code\Systems\Testers</Filter>
    </ClInclude>
    <ClInclude Include="Code\Systems\Logger.h">
      <Filter>Code\Systems</Filter>
    </ClInclude>
    <ClInclude Include="Code\Systems\Testers\ShotTester.h">
      <Filter>Code\Systems\Testers</Filter>
    </ClInclude>
    <ClInclude Include="Code\Systems\Testers\JumpTester.h">
      <Filter>Code\Systems\Testers</Filter>
    </ClInclude>
    <ClInclude Include="Code\Misc\threading.h">
      <Filter>Code\Misc</Filter>
    </ClInclude>
  </ItemGroup>
  <ItemGroup>
    <Library Include="..\source-sdk-2013\mp\src\lib\public\mathlib.lib">
      <Filter>Link Libraries</Filter>
    </Library>
    <Library Include="..\source-sdk-2013\mp\src\lib\public\raytrace.lib">
      <Filter>Link Libraries</Filter>
    </Library>
    <Library Include="..\source-sdk-2013\mp\src\lib\public\tier0.lib">
      <Filter>Link Libraries</Filter>
    </Library>
    <Library Include="..\source-sdk-2013\mp\src\lib\public\tier1.lib">
      <Filter>Link Libraries</Filter>
    </Library>
    <Library Include="..\source-sdk-2013\mp\src\lib\public\tier2.lib">
      <Filter>Link Libraries</Filter>
    </Library>
    <Library Include="..\source-sdk-2013\mp\src\lib\public\vstdlib.lib">
      <Filter>Link Libraries</Filter>
    </Library>
  </ItemGroup>
</Project>